
Microsoft Visual Studio Solution File, Format Version 12.00
# Visual Studio 14
VisualStudioVersion = 14.0.25420.1
MinimumVisualStudioVersion = 10.0.40219.1
Project("{FAE04EC0-301F-11D3-BF4B-00C04F79EFBC}") = "MTGDeckBuilder", "MTGDeckBuilder.csproj", "{A9474CAB-B24B-4AC0-8320-E4AC8313270B}"
EndProject
Global
	GlobalSection(SolutionConfigurationPlatforms) = preSolution
		Debug|Any CPU = Debug|Any CPU
		Release|Any CPU = Release|Any CPU
	EndGlobalSection
	GlobalSection(ProjectConfigurationPlatforms) = postSolution
		{A9474CAB-B24B-4AC0-8320-E4AC8313270B}.Debug|Any CPU.ActiveCfg = Debug|Any CPU
		{A9474CAB-B24B-4AC0-8320-E4AC8313270B}.Debug|Any CPU.Build.0 = Debug|Any CPU
		{A9474CAB-B24B-4AC0-8320-E4AC8313270B}.Release|Any CPU.ActiveCfg = Release|Any CPU
		{A9474CAB-B24B-4AC0-8320-E4AC8313270B}.Release|Any CPU.Build.0 = Release|Any CPU
	EndGlobalSection
	GlobalSection(SolutionProperties) = preSolution
		HideSolutionNode = FALSE
	EndGlobalSection
EndGlobal
